
Microsoft Visual Studio Solution File, Format Version 12.00
# Visual Studio Version 16
VisualStudioVersion = 16.0.29123.88
MinimumVisualStudioVersion = 10.0.40219.1
Project("{FAE04EC0-301F-11D3-BF4B-00C04F79EFBC}") = "CapaVista", "CapaVista\CapaVista.csproj", "{D87DC86E-F3CC-4712-B62C-1835AB265ED2}"
EndProject
Project("{FAE04EC0-301F-11D3-BF4B-00C04F79EFBC}") = "CapaControlador", "CapaControlador\CapaControlador.csproj", "{6911E105-C049-4E84-834B-D9FE8A398E37}"
EndProject
Project("{FAE04EC0-301F-11D3-BF4B-00C04F79EFBC}") = "CapaModelo", "CapaModelo\CapaModelo.csproj", "{6494EEF8-593A-49D4-9619-162A766B1C1A}"
EndProject
Global
	GlobalSection(SolutionConfigurationPlatforms) = preSolution
		Debug|Any CPU = Debug|Any CPU
		Release|Any CPU = Release|Any CPU
	EndGlobalSection
	GlobalSection(ProjectConfigurationPlatforms) = postSolution
		{D87DC86E-F3CC-4712-B62C-1835AB265ED2}.Debug|Any CPU.ActiveCfg = Debug|Any CPU
		{D87DC86E-F3CC-4712-B62C-1835AB265ED2}.Debug|Any CPU.Build.0 = Debug|Any CPU
		{D87DC86E-F3CC-4712-B62C-1835AB265ED2}.Release|Any CPU.ActiveCfg = Release|Any CPU
		{D87DC86E-F3CC-4712-B62C-1835AB265ED2}.Release|Any CPU.Build.0 = Release|Any CPU
		{6911E105-C049-4E84-834B-D9FE8A398E37}.Debug|Any CPU.ActiveCfg = Debug|Any CPU
		{6911E105-C049-4E84-834B-D9FE8A398E37}.Debug|Any CPU.Build.0 = Debug|Any CPU
		{6911E105-C049-4E84-834B-D9FE8A398E37}.Release|Any CPU.ActiveCfg = Release|Any CPU
		{6911E105-C049-4E84-834B-D9FE8A398E37}.Release|Any CPU.Build.0 = Release|Any CPU
		{6494EEF8-593A-49D4-9619-162A766B1C1A}.Debug|Any CPU.ActiveCfg = Debug|Any CPU
		{6494EEF8-593A-49D4-9619-162A766B1C1A}.Debug|Any CPU.Build.0 = Debug|Any CPU
		{6494EEF8-593A-49D4-9619-162A766B1C1A}.Release|Any CPU.ActiveCfg = Release|Any CPU
		{6494EEF8-593A-49D4-9619-162A766B1C1A}.Release|Any CPU.Build.0 = Release|Any CPU
	EndGlobalSection
	GlobalSection(SolutionProperties) = preSolution
		HideSolutionNode = FALSE
	EndGlobalSection
	GlobalSection(ExtensibilityGlobals) = postSolution
		SolutionGuid = {15D9F770-BAC9-40EC-B7CC-128440A0EEA1}
	EndGlobalSection
EndGlobal
