
Microsoft Visual Studio Solution File, Format Version 12.00
# Visual Studio Version 16
VisualStudioVersion = 16.0.30330.147
MinimumVisualStudioVersion = 10.0.40219.1
Project("{FAE04EC0-301F-11D3-BF4B-00C04F79EFBC}") = "GestionRequerimientosCM", "GestionRequerimientos\GestionRequerimientosCM.csproj", "{29A9196E-E05C-4ECB-A39F-11AAB3920B85}"
EndProject
Project("{FAE04EC0-301F-11D3-BF4B-00C04F79EFBC}") = "GestionRequerimientosCV", "CapaVista\GestionRequerimientosCV.csproj", "{C3843CB6-00E7-486D-9C6B-593087769A68}"
EndProject
Project("{FAE04EC0-301F-11D3-BF4B-00C04F79EFBC}") = "GestionRequerimientosCC", "CapaLogica\GestionRequerimientosCC.csproj", "{F90ECE55-3A8B-4643-B7DB-CBB13EF104C3}"
EndProject
Global
	GlobalSection(SolutionConfigurationPlatforms) = preSolution
		Debug|Any CPU = Debug|Any CPU
		Release|Any CPU = Release|Any CPU
	EndGlobalSection
	GlobalSection(ProjectConfigurationPlatforms) = postSolution
		{29A9196E-E05C-4ECB-A39F-11AAB3920B85}.Debug|Any CPU.ActiveCfg = Debug|Any CPU
		{29A9196E-E05C-4ECB-A39F-11AAB3920B85}.Debug|Any CPU.Build.0 = Debug|Any CPU
		{29A9196E-E05C-4ECB-A39F-11AAB3920B85}.Release|Any CPU.ActiveCfg = Release|Any CPU
		{29A9196E-E05C-4ECB-A39F-11AAB3920B85}.Release|Any CPU.Build.0 = Release|Any CPU
		{C3843CB6-00E7-486D-9C6B-593087769A68}.Debug|Any CPU.ActiveCfg = Debug|Any CPU
		{C3843CB6-00E7-486D-9C6B-593087769A68}.Debug|Any CPU.Build.0 = Debug|Any CPU
		{C3843CB6-00E7-486D-9C6B-593087769A68}.Release|Any CPU.ActiveCfg = Release|Any CPU
		{C3843CB6-00E7-486D-9C6B-593087769A68}.Release|Any CPU.Build.0 = Release|Any CPU
		{F90ECE55-3A8B-4643-B7DB-CBB13EF104C3}.Debug|Any CPU.ActiveCfg = Debug|Any CPU
		{F90ECE55-3A8B-4643-B7DB-CBB13EF104C3}.Debug|Any CPU.Build.0 = Debug|Any CPU
		{F90ECE55-3A8B-4643-B7DB-CBB13EF104C3}.Release|Any CPU.ActiveCfg = Release|Any CPU
		{F90ECE55-3A8B-4643-B7DB-CBB13EF104C3}.Release|Any CPU.Build.0 = Release|Any CPU
	EndGlobalSection
	GlobalSection(SolutionProperties) = preSolution
		HideSolutionNode = FALSE
	EndGlobalSection
	GlobalSection(ExtensibilityGlobals) = postSolution
		SolutionGuid = {0C062280-B40A-45A0-80CE-9D99FE0C47E7}
	EndGlobalSection
EndGlobal
