
Microsoft Visual Studio Solution File, Format Version 12.00
# Visual Studio Version 16
VisualStudioVersion = 16.0.30011.22
MinimumVisualStudioVersion = 10.0.40219.1
Project("{FAE04EC0-301F-11D3-BF4B-00C04F79EFBC}") = "GestionDeRecursosCC", "GestionDeRecursosCC.csproj", "{97095904-6833-4AAC-94CA-F3602DFF7E46}"
EndProject
Project("{FAE04EC0-301F-11D3-BF4B-00C04F79EFBC}") = "GestionDeRecursosCV", "..\GestionDeRecursosCV\GestionDeRecursosCV.csproj", "{11073606-35F6-40FB-BBF5-884F912B87F1}"
EndProject
Project("{FAE04EC0-301F-11D3-BF4B-00C04F79EFBC}") = "GestionDeRecursosCM", "..\GestionDeRecursosCM\GestionDeRecursosCM.csproj", "{229F9FD9-A2B3-4321-BE3C-98488300DED7}"
EndProject
Global
	GlobalSection(SolutionConfigurationPlatforms) = preSolution
		Debug|Any CPU = Debug|Any CPU
		Release|Any CPU = Release|Any CPU
	EndGlobalSection
	GlobalSection(ProjectConfigurationPlatforms) = postSolution
		{97095904-6833-4AAC-94CA-F3602DFF7E46}.Debug|Any CPU.ActiveCfg = Debug|Any CPU
		{97095904-6833-4AAC-94CA-F3602DFF7E46}.Debug|Any CPU.Build.0 = Debug|Any CPU
		{97095904-6833-4AAC-94CA-F3602DFF7E46}.Release|Any CPU.ActiveCfg = Release|Any CPU
		{97095904-6833-4AAC-94CA-F3602DFF7E46}.Release|Any CPU.Build.0 = Release|Any CPU
		{11073606-35F6-40FB-BBF5-884F912B87F1}.Debug|Any CPU.ActiveCfg = Debug|Any CPU
		{11073606-35F6-40FB-BBF5-884F912B87F1}.Debug|Any CPU.Build.0 = Debug|Any CPU
		{11073606-35F6-40FB-BBF5-884F912B87F1}.Release|Any CPU.ActiveCfg = Release|Any CPU
		{11073606-35F6-40FB-BBF5-884F912B87F1}.Release|Any CPU.Build.0 = Release|Any CPU
		{229F9FD9-A2B3-4321-BE3C-98488300DED7}.Debug|Any CPU.ActiveCfg = Debug|Any CPU
		{229F9FD9-A2B3-4321-BE3C-98488300DED7}.Debug|Any CPU.Build.0 = Debug|Any CPU
		{229F9FD9-A2B3-4321-BE3C-98488300DED7}.Release|Any CPU.ActiveCfg = Release|Any CPU
		{229F9FD9-A2B3-4321-BE3C-98488300DED7}.Release|Any CPU.Build.0 = Release|Any CPU
	EndGlobalSection
	GlobalSection(SolutionProperties) = preSolution
		HideSolutionNode = FALSE
	EndGlobalSection
	GlobalSection(ExtensibilityGlobals) = postSolution
		SolutionGuid = {B1699D2A-F608-4A55-8666-49485C5CB80B}
	EndGlobalSection
EndGlobal
